
Microsoft Visual Studio Solution File, Format Version 12.00
# Visual Studio Version 16
VisualStudioVersion = 16.0.29920.165
MinimumVisualStudioVersion = 10.0.40219.1
Project("{8BC9CEB8-8B4A-11D0-8D11-00A0C91BC942}") = "Sorts", "Sorts\Sorts.vcxproj", "{250A64BB-AF2D-4ABB-AB13-58657D67E981}"
EndProject
Global
	GlobalSection(SolutionConfigurationPlatforms) = preSolution
		Debug|x64 = Debug|x64
		Debug|x86 = Debug|x86
		Release|x64 = Release|x64
		Release|x86 = Release|x86
	EndGlobalSection
	GlobalSection(ProjectConfigurationPlatforms) = postSolution
		{250A64BB-AF2D-4ABB-AB13-58657D67E981}.Debug|x64.ActiveCfg = Debug|x64
		{250A64BB-AF2D-4ABB-AB13-58657D67E981}.Debug|x64.Build.0 = Debug|x64
		{250A64BB-AF2D-4ABB-AB13-58657D67E981}.Debug|x86.ActiveCfg = Debug|Win32
		{250A64BB-AF2D-4ABB-AB13-58657D67E981}.Debug|x86.Build.0 = Debug|Win32
		{250A64BB-AF2D-4ABB-AB13-58657D67E981}.Release|x64.ActiveCfg = Release|x64
		{250A64BB-AF2D-4ABB-AB13-58657D67E981}.Release|x64.Build.0 = Release|x64
		{250A64BB-AF2D-4ABB-AB13-58657D67E981}.Release|x86.ActiveCfg = Release|Win32
		{250A64BB-AF2D-4ABB-AB13-58657D67E981}.Release|x86.Build.0 = Release|Win32
	EndGlobalSection
	GlobalSection(SolutionProperties) = preSolution
		HideSolutionNode = FALSE
	EndGlobalSection
	GlobalSection(ExtensibilityGlobals) = postSolution
		SolutionGuid = {A0231F77-BF70-4715-915C-FFE8018892FA}
	EndGlobalSection
EndGlobal
